# Generated by pub
# See https://dart.dev/tools/pub/glossary#lockfile
packages:
  characters:
    dependency: transitive
    description:
      name: characters
      sha256: "04a925763edad70e8443c99234dc3328f442e811f1d8fd1a72f1c8ad0f69a605"
      url: "https://pub.dev"
    source: hosted
    version: "1.3.0"
  collection:
    dependency: transitive
    description:
      name: collection
      sha256: a1ace0a119f20aabc852d165077c036cd864315bd99b7eaa10a60100341941bf
      url: "https://pub.dev"
    source: hosted
    version: "1.19.0"
  cross_file:
    dependency: transitive
    description:
      name: cross_file
      sha256: "7caf6a750a0c04effbb52a676dce9a4a592e10ad35c34d6d2d0e4811160d5670"
      url: "https://pub.dev"
    source: hosted
    version: "0.3.4+2"
  flutter:
    dependency: "direct main"
    description: flutter
    source: sdk
    version: "0.0.0"
  flutter_image_compress_common:
    dependency: "direct main"
    description:
      path: "."
      ref: "1.0.7"
      resolved-ref: "8fb6adbca7afe47d8f545ed3017c9c18d95bee8d"
      url: "https://github.com/vudvv/flutter_image_compress_common"
    source: git
    version: "1.0.5"
  flutter_image_compress_macos:
    dependency: "direct main"
    description:
      name: flutter_image_compress_macos
      sha256: "20019719b71b743aba0ef874ed29c50747461e5e8438980dfa5c2031898f7337"
      url: "https://pub.dev"
    source: hosted
    version: "1.0.3"
  flutter_image_compress_ohos:
    dependency: "direct main"
    description:
      name: flutter_image_compress_ohos
      sha256: e76b92bbc830ee08f5b05962fc78a532011fcd2041f620b5400a593e96da3f51
      url: "https://pub.dev"
    source: hosted
    version: "0.0.3"
  flutter_image_compress_platform_interface:
    dependency: "direct main"
    description:
      name: flutter_image_compress_platform_interface
      sha256: "579cb3947fd4309103afe6442a01ca01e1e6f93dc53bb4cbd090e8ce34a41889"
      url: "https://pub.dev"
    source: hosted
    version: "1.0.5"
  flutter_image_compress_web:
    dependency: "direct main"
    description:
      name: flutter_image_compress_web
      sha256: b9b141ac7c686a2ce7bb9a98176321e1182c9074650e47bb140741a44b6f5a96
      url: "https://pub.dev"
    source: hosted
    version: "0.1.5"
  flutter_web_plugins:
    dependency: transitive
    description: flutter
    source: sdk
    version: "0.0.0"
  material_color_utilities:
    dependency: transitive
    description:
      name: material_color_utilities
      sha256: f7142bb1154231d7ea5f96bc7bde4bda2a0945d2806bb11670e30b850d56bdec
      url: "https://pub.dev"
    source: hosted
    version: "0.11.1"
  meta:
    dependency: transitive
    description:
      name: meta
      sha256: bdb68674043280c3428e9ec998512fb681678676b3c54e773629ffe74419f8c7
      url: "https://pub.dev"
    source: hosted
    version: "1.15.0"
  plugin_platform_interface:
    dependency: transitive
    description:
      name: plugin_platform_interface
      sha256: "4820fbfdb9478b1ebae27888254d445073732dae3d6ea81f0b7e06d5dedc3f02"
      url: "https://pub.dev"
    source: hosted
    version: "2.1.8"
  sky_engine:
    dependency: transitive
    description: flutter
    source: sdk
    version: "0.0.0"
  vector_math:
    dependency: transitive
    description:
      name: vector_math
      sha256: "80b3257d1492ce4d091729e3a67a60407d227c27241d6927be0130c98e741803"
      url: "https://pub.dev"
    source: hosted
    version: "2.1.4"
  web:
    dependency: transitive
    description:
      name: web
      sha256: cd3543bd5798f6ad290ea73d210f423502e71900302dde696f8bff84bf89a1cb
      url: "https://pub.dev"
    source: hosted
    version: "1.1.0"
sdks:
  dart: ">=3.4.0 <4.0.0"
  flutter: ">=2.5.0"
